
Microsoft Visual Studio Solution File, Format Version 12.00
# Visual Studio Version 17
VisualStudioVersion = 17.8.34525.116
MinimumVisualStudioVersion = 10.0.40219.1
Project("{9A19103F-16F7-4668-BE54-9A1E7A4F7556}") = "CrmDBLab", "CrmDBLab\CrmDBLab.csproj", "{F25CBBB0-6E30-43E7-A08B-5678A4B705CB}"
EndProject
Project("{9A19103F-16F7-4668-BE54-9A1E7A4F7556}") = "Services", "Services\Services.csproj", "{EA92F3F3-7D28-4DCD-9430-37000299793B}"
EndProject
Project("{FAE04EC0-301F-11D3-BF4B-00C04F79EFBC}") = "ConsoleApp", "ConsoleApp\ConsoleApp.csproj", "{BB65620D-EFC2-4E39-A124-44E1B3DC918E}"
EndProject
Global
	GlobalSection(SolutionConfigurationPlatforms) = preSolution
		Debug|Any CPU = Debug|Any CPU
		Release|Any CPU = Release|Any CPU
	EndGlobalSection
	GlobalSection(ProjectConfigurationPlatforms) = postSolution
		{F25CBBB0-6E30-43E7-A08B-5678A4B705CB}.Debug|Any CPU.ActiveCfg = Debug|Any CPU
		{F25CBBB0-6E30-43E7-A08B-5678A4B705CB}.Debug|Any CPU.Build.0 = Debug|Any CPU
		{F25CBBB0-6E30-43E7-A08B-5678A4B705CB}.Release|Any CPU.ActiveCfg = Release|Any CPU
		{F25CBBB0-6E30-43E7-A08B-5678A4B705CB}.Release|Any CPU.Build.0 = Release|Any CPU
		{EA92F3F3-7D28-4DCD-9430-37000299793B}.Debug|Any CPU.ActiveCfg = Debug|Any CPU
		{EA92F3F3-7D28-4DCD-9430-37000299793B}.Debug|Any CPU.Build.0 = Debug|Any CPU
		{EA92F3F3-7D28-4DCD-9430-37000299793B}.Release|Any CPU.ActiveCfg = Release|Any CPU
		{EA92F3F3-7D28-4DCD-9430-37000299793B}.Release|Any CPU.Build.0 = Release|Any CPU
		{BB65620D-EFC2-4E39-A124-44E1B3DC918E}.Debug|Any CPU.ActiveCfg = Debug|Any CPU
		{BB65620D-EFC2-4E39-A124-44E1B3DC918E}.Debug|Any CPU.Build.0 = Debug|Any CPU
		{BB65620D-EFC2-4E39-A124-44E1B3DC918E}.Release|Any CPU.ActiveCfg = Release|Any CPU
		{BB65620D-EFC2-4E39-A124-44E1B3DC918E}.Release|Any CPU.Build.0 = Release|Any CPU
	EndGlobalSection
	GlobalSection(SolutionProperties) = preSolution
		HideSolutionNode = FALSE
	EndGlobalSection
	GlobalSection(ExtensibilityGlobals) = postSolution
		SolutionGuid = {229A5721-EA5B-4CC5-8631-957E70FEE4A3}
	EndGlobalSection
EndGlobal
